# This file is generated by running "yarn install" inside your project.
# Manual changes might be lost - proceed with caution!

__metadata:
  version: 8
  cacheKey: 10c0

"@babel/runtime@npm:^7.10.3":
  version: 7.23.6
  resolution: "@babel/runtime@npm:7.23.6"
  dependencies:
    regenerator-runtime: "npm:^0.14.0"
  checksum: d886954e985ef8e421222f7a2848884d96a752e0020d3078b920dd104e672fdf23bcc6f51a44313a048796319f1ac9d09c2c88ec8cbb4e1f09174bcd3335b9ff
  languageName: node
  linkType: hard

"@swiftcarrot/color-fns@npm:^3.2.0":
  version: 3.2.0
  resolution: "@swiftcarrot/color-fns@npm:3.2.0"
  dependencies:
    "@babel/runtime": "npm:^7.10.3"
  checksum: 3145f79a7c776256a5648c4800fea7012b6df94bf954729f2946aaaeed7f6f905e8e926e15482acd743286cce8ac988826f85f899b09c8487fafc13058a630a2
  languageName: node
  linkType: hard

"@types/pako@npm:^2.0.0":
  version: 2.0.3
  resolution: "@types/pako@npm:2.0.3"
  checksum: 45119ac3c4e8a77317c35493327039b74e333562f06ce038048228918d8ddfaa7958125aab960d1565b3861046022754c414dba1eecb210c44a32c415956bee2
  languageName: node
  linkType: hard

"blob-util@npm:^2.0.2":
  version: 2.0.2
  resolution: "blob-util@npm:2.0.2"
  checksum: ed82d587827e5c86be122301a7c250f8364963e9582f72a826255bfbd32f8d69cc10169413d666667bb1c4fc8061329ae89d176ffe46fee8f32080af944ccddc
  languageName: node
  linkType: hard

"canny-edge-detector@npm:^1.0.0":
  version: 1.0.0
  resolution: "canny-edge-detector@npm:1.0.0"
  checksum: 122d4c589363e4ef1392c5fec297325d79217ea6163bc3ebb47a8d20b6873ec97d96e23a7e507a9606c6f9b66e8c9857cf881471745c75f4ce3186e814405aab
  languageName: node
  linkType: hard

"fast-bmp@npm:^2.0.1":
  version: 2.0.1
  resolution: "fast-bmp@npm:2.0.1"
  dependencies:
    iobuffer: "npm:^5.1.0"
  checksum: ee00c02796ce53098261c1de709f1a2918083c2f561e69dba3b9dfe1078591bbedb0ae832eb1ee2d2c1ca435973a6b91e08368968635cb0c36556fa996c58a74
  languageName: node
  linkType: hard

"fast-jpeg@npm:^1.0.1":
  version: 1.0.1
  resolution: "fast-jpeg@npm:1.0.1"
  dependencies:
    iobuffer: "npm:^2.1.0"
    tiff: "npm:^2.0.0"
  checksum: cf54c3d51222986ddec95b250b47f014fe8ef9ca12daad95c0f3a8453c249a9a2ffbf4478a1b1d675ba25487764ab1a9f2f3be4436051aefffc6397a6594d989
  languageName: node
  linkType: hard

"fast-list@npm:^1.0.3":
  version: 1.0.3
  resolution: "fast-list@npm:1.0.3"
  checksum: a8159b47db12f88eb836103a2a01abbbbc7b26bd39f366c6040f487ca27e99f8c610d08de0b3d382977401333bc6670b3456b6375257a6b864e6445040557761
  languageName: node
  linkType: hard

"fast-png@npm:^6.1.0":
  version: 6.2.0
  resolution: "fast-png@npm:6.2.0"
  dependencies:
    "@types/pako": "npm:^2.0.0"
    iobuffer: "npm:^5.3.2"
    pako: "npm:^2.1.0"
  checksum: 42b61a3c83dd254d47dfac350669c891d13d655eff2819dc99bd6a3f09c8cfb3f8f6cbd5354fa91a49c6a52e5665c60260cf1cf61a33bdacbdaf0fdcbbcfbe6c
  languageName: node
  linkType: hard

"fft.js@npm:^4.0.3":
  version: 4.0.4
  resolution: "fft.js@npm:4.0.4"
  checksum: ea9bf9df38204281078629e32e0176035e8121410bb8db67b5544520faa6f567734774afb87eafc31cb43339995295d3d72202917b4f43942be4eca8dd54b226
  languageName: node
  linkType: hard

"file-type@npm:^10.10.0":
  version: 10.11.0
  resolution: "file-type@npm:10.11.0"
  checksum: 2d6280d84f2499878ebdf8236a6e83b3c747f08b91d84cf99785afe3c9ac52775e52dcec15a4141cc24eb3006f274eb46dc7d13395920a1763d936c6d6e8afde
  languageName: node
  linkType: hard

"has-own@npm:^1.0.1":
  version: 1.0.1
  resolution: "has-own@npm:1.0.1"
  checksum: 2dcc9ca33a484254f59c47c2ebd8002f58ed9b0f77e4cad705371ea6cb59387168c5a076b51fc2fefdc28737df53ba5e668639d23c2eb660ddbcee6f7e13136e
  languageName: node
  linkType: hard

"image-js@npm:^0.35.5":
  version: 0.35.5
  resolution: "image-js@npm:0.35.5"
  dependencies:
    "@swiftcarrot/color-fns": "npm:^3.2.0"
    blob-util: "npm:^2.0.2"
    canny-edge-detector: "npm:^1.0.0"
    fast-bmp: "npm:^2.0.1"
    fast-jpeg: "npm:^1.0.1"
    fast-list: "npm:^1.0.3"
    fast-png: "npm:^6.1.0"
    has-own: "npm:^1.0.1"
    image-type: "npm:^4.1.0"
    is-array-type: "npm:^1.0.0"
    is-integer: "npm:^1.0.7"
    jpeg-js: "npm:^0.4.3"
    js-priority-queue: "npm:^0.1.5"
    js-quantities: "npm:^1.7.6"
    median-quickselect: "npm:^1.0.1"
    ml-convolution: "npm:0.2.0"
    ml-disjoint-set: "npm:^1.0.0"
    ml-matrix: "npm:^6.8.0"
    ml-matrix-convolution: "npm:0.4.3"
    ml-regression: "npm:^5.0.0"
    monotone-chain-convex-hull: "npm:^1.0.0"
    new-array: "npm:^1.0.0"
    robust-point-in-polygon: "npm:^1.0.3"
    tiff: "npm:^5.0.2"
    web-worker-manager: "npm:^0.2.0"
  checksum: 7541960de2dbd63cffc7ea7dfc70b70560637c6fa23aa8514caca8b17b18489f4f9fbf18c21d7115ed9517e5ffb0a353dc0eb39b9bf58ac35bda7e89f34fb3b2
  languageName: node
  linkType: hard

"image-type@npm:^4.1.0":
  version: 4.1.0
  resolution: "image-type@npm:4.1.0"
  dependencies:
    file-type: "npm:^10.10.0"
  checksum: 896d6560d5306276eb3426ad0af12519a5c7dc85f8e5ec8d2e9b91535411cea85b814574fd186f312ee49d3176c38a6524389ff153e81d1003bed71bf4c1f15b
  languageName: node
  linkType: hard

"iobuffer@npm:^2.1.0":
  version: 2.1.0
  resolution: "iobuffer@npm:2.1.0"
  checksum: ebe1941ab07abda241f382b27abdda8edf88675b69dd29945322161003773320c480d62921d8bef20cb902a6efd3083c20a6274b1c9a06bc45efec4741b7c692
  languageName: node
  linkType: hard

"iobuffer@npm:^5.0.4, iobuffer@npm:^5.1.0, iobuffer@npm:^5.3.2":
  version: 5.3.2
  resolution: "iobuffer@npm:5.3.2"
  checksum: 56832ca592a602d564ba89812ae0514f6ff38bd91426c62d78374369c431be8dda804a2d6d4a36a0af8dc787bf49fcf5d85f1103d8365601dd7ec9be1d113857
  languageName: node
  linkType: hard

"is-any-array@npm:^2.0.0, is-any-array@npm:^2.0.1":
  version: 2.0.1
  resolution: "is-any-array@npm:2.0.1"
  checksum: f9807458a51e63ca1ac27fd6f3a3ace8200f077094e00d9b05b24cfbc9d5594d586d6ecf3416271f26939d5cb93fc52ca869cb5744e77318c3f53ec70b08d61f
  languageName: node
  linkType: hard

"is-array-type@npm:^1.0.0":
  version: 1.0.0
  resolution: "is-array-type@npm:1.0.0"
  checksum: 8f88e94c713c95a48102af66513d0b069847d16295c46886b083c3fe029ca997531a5215b0eab2e32599b1bf732a1e29772287f74886d7a589701995185a8f6a
  languageName: node
  linkType: hard

"is-finite@npm:^1.0.0":
  version: 1.1.0
  resolution: "is-finite@npm:1.1.0"
  checksum: ca6bc7a0321b339f098e657bd4cbf4bb2410f5a11f1b9adb1a1a9ab72288b64368e8251326cb1f74e985f2779299cec3e1f1e558b68ce7e1e2c9be17b7cfd626
  languageName: node
  linkType: hard

"is-integer@npm:^1.0.7":
  version: 1.0.7
  resolution: "is-integer@npm:1.0.7"
  dependencies:
    is-finite: "npm:^1.0.0"
  checksum: 4f4835ee63b826e050a246efe97b4bfbe8e23d5cba86399ac2df32bfd347cf64d6438dd1811a6f6f6cf5a9a21f7d20c1940658e7c6fc0f4fa2fb7e467a8907f0
  languageName: node
  linkType: hard

"jpeg-js@npm:^0.4.3":
  version: 0.4.4
  resolution: "jpeg-js@npm:0.4.4"
  checksum: 4d0d5097f8e55d8bbce6f1dc32ffaf3f43f321f6222e4e6490734fdc6d005322e3bd6fb992c2df7f5b587343b1441a1c333281dc3285bc9116e369fd2a2b43a7
  languageName: node
  linkType: hard

"js-priority-queue@npm:^0.1.5":
  version: 0.1.5
  resolution: "js-priority-queue@npm:0.1.5"
  checksum: 63b5f3933e8d41e1a2eae940e606295c20262aa998b2e1ebae150fd1a25fc729bc0eadfe543b33c14bf0374de5479976a119219d7c3ac6ffdba3dde725bf083f
  languageName: node
  linkType: hard

"js-quantities@npm:^1.7.6":
  version: 1.8.0
  resolution: "js-quantities@npm:1.8.0"
  checksum: 15665eddd42f7f0f7dbe115f602d3c452e0086f9d0168271466ddc22ba5938e54a8ecd76c088092b5746ac21bff155812f287e99c57851b4d5926e0ca91dee2e
  languageName: node
  linkType: hard

"median-quickselect@npm:^1.0.1":
  version: 1.0.1
  resolution: "median-quickselect@npm:1.0.1"
  checksum: 788be0f75e5c38a9363063b3143226b39ca85772a0dec1c27fa688f11880c19bf6770d2ac3ba94a00aeb09760f71e96a9f9cf4e1999c53898fb87e7991cc67c4
  languageName: node
  linkType: hard

"ml-array-max@npm:^1.2.4":
  version: 1.2.4
  resolution: "ml-array-max@npm:1.2.4"
  dependencies:
    is-any-array: "npm:^2.0.0"
  checksum: 05eacc44ccc182f6d191bc7cd233c97b55ebd695e423f0f07e2358831af7d7a2f64e2698fee4e1edc9bbcd962b8df2141f52b5403219bc2432a77b2bab8e25df
  languageName: node
  linkType: hard

"ml-array-median@npm:^1.1.1":
  version: 1.1.6
  resolution: "ml-array-median@npm:1.1.6"
  dependencies:
    is-any-array: "npm:^2.0.0"
    median-quickselect: "npm:^1.0.1"
  checksum: a5b1bd2911ba21361d50dc63c9857cdb1bf80a1812eb0160b4b5b0f854c0b4b423a5f97fea6fd9d9acaa52ad98820c1bf3769563f4854c4e25c6699342fafe96
  languageName: node
  linkType: hard

"ml-array-min@npm:^1.2.3":
  version: 1.2.3
  resolution: "ml-array-min@npm:1.2.3"
  dependencies:
    is-any-array: "npm:^2.0.0"
  checksum: ba7aef2fd1bfe9f1937efa96242147c0ab30e5af4f22364b419a47f8c194b3c16b96b024fd6562eaddbf2d8648fcda3f54d3c2f394ec58beb756b9ed71c81593
  languageName: node
  linkType: hard

"ml-array-rescale@npm:^1.3.7":
  version: 1.3.7
  resolution: "ml-array-rescale@npm:1.3.7"
  dependencies:
    is-any-array: "npm:^2.0.0"
    ml-array-max: "npm:^1.2.4"
    ml-array-min: "npm:^1.2.3"
  checksum: 2b8fca33c38bee3c957e5e2f178d7f109d61acc2add924cc8a4a0eac30dfa2d0974642f25f2b4e46e82f9ac90de275268aca382bd644dac2960a83b349c7e706
  languageName: node
  linkType: hard

"ml-convolution@npm:0.2.0":
  version: 0.2.0
  resolution: "ml-convolution@npm:0.2.0"
  dependencies:
    fft.js: "npm:^4.0.3"
    next-power-of-two: "npm:^1.0.0"
  checksum: 87d13cd5ec0ba75c24a246f8358209214aa20f33924c2afe1f6f2747de6a4278e9c8ec71c854a544ab31c35daf78bdfb42f1a6af3d98dff5a12060b7b9e01050
  languageName: node
  linkType: hard

"ml-disjoint-set@npm:^1.0.0":
  version: 1.0.0
  resolution: "ml-disjoint-set@npm:1.0.0"
  checksum: e6698bd3b6bbaf4af91f34f8d2bf1b74151ba6e7fb1bf848eb21cc772ccdc9151bcb7df54024d6bd1fe11529dc8a6ba120422557a5bc09c04d659776623e2182
  languageName: node
  linkType: hard

"ml-distance-euclidean@npm:^2.0.0":
  version: 2.0.0
  resolution: "ml-distance-euclidean@npm:2.0.0"
  checksum: 877aef472e134f79be9540b02f889b2a27976ca45d77f5d4ef7d8dd24058a60cf4637365b40a5aba1ab5490348a0fb1b3803143b25af88cdc66137fbfd665442
  languageName: node
  linkType: hard

"ml-fft@npm:1.3.5":
  version: 1.3.5
  resolution: "ml-fft@npm:1.3.5"
  checksum: 527cba3aed1432f0731f1333dc2f1a2069415c2eee075bd4db5879dc13de611b4cf414902ae954f2dff768306c13b6bc77bf1c35444c1b11c51216a7559723bb
  languageName: node
  linkType: hard

"ml-kernel-gaussian@npm:^2.0.2":
  version: 2.0.2
  resolution: "ml-kernel-gaussian@npm:2.0.2"
  dependencies:
    ml-distance-euclidean: "npm:^2.0.0"
  checksum: 708ca8d83effd18cd5a86c7cebfc88e766a14f95904110043c62764401e46c2daac84745c75c5a6baad804852ce0e8f4fdea1d4a3f26bdda71dbdf46cbac34bf
  languageName: node
  linkType: hard

"ml-kernel-polynomial@npm:^2.0.1":
  version: 2.0.1
  resolution: "ml-kernel-polynomial@npm:2.0.1"
  checksum: 67f7dd75f0d67c96c5ea4ec987b9500bf8ce270ca63ff61ef062deab8dd5bfe57074f89f47e0d8bd799707092e75c5029fcd876f998c5cd706293111afeb4be8
  languageName: node
  linkType: hard

"ml-kernel-sigmoid@npm:^1.0.1":
  version: 1.0.1
  resolution: "ml-kernel-sigmoid@npm:1.0.1"
  checksum: 33908f6fa2ba3ba3cebf99ac55c4d9f20566296253344e3c4178d65fd1108cb7da01204f1a3c70adc5902fe02491c4eb8691a51fea3470629797e6f8fc175acb
  languageName: node
  linkType: hard

"ml-kernel@npm:^3.0.0":
  version: 3.0.0
  resolution: "ml-kernel@npm:3.0.0"
  dependencies:
    ml-distance-euclidean: "npm:^2.0.0"
    ml-kernel-gaussian: "npm:^2.0.2"
    ml-kernel-polynomial: "npm:^2.0.1"
    ml-kernel-sigmoid: "npm:^1.0.1"
    ml-matrix: "npm:^6.1.2"
  checksum: ae4b94863d65cd4801d6b9c8d36dfb68922089014dad8c902479b828db1b822b0a8db797ca99420df2ef72e372916600ed159808515b9c52ccba2f77228d55c4
  languageName: node
  linkType: hard

"ml-matrix-convolution@npm:0.4.3":
  version: 0.4.3
  resolution: "ml-matrix-convolution@npm:0.4.3"
  dependencies:
    ml-fft: "npm:1.3.5"
    ml-stat: "npm:^1.2.0"
  checksum: 75299933da6bbcc0485fc1d37e0df3005ef817f6cbbc8be88c0199bf7d65c3f4d523d6763b1588bb1c7fbf5aaea64546a2789cff43b913230a0c3958a9d55088
  languageName: node
  linkType: hard

"ml-matrix@npm:^6.1.2, ml-matrix@npm:^6.10.1, ml-matrix@npm:^6.8.0":
  version: 6.11.0
  resolution: "ml-matrix@npm:6.11.0"
  dependencies:
    is-any-array: "npm:^2.0.1"
    ml-array-rescale: "npm:^1.3.7"
  checksum: bf64bc5037568d8b2fddc3b2d90cb927868ed5f7894208b3e88b178645411c19ce25351a02f08dbf071a7a8a6c81370410c2692f0f800341be38670c23853df5
  languageName: node
  linkType: hard

"ml-regression-base@npm:^2.0.1, ml-regression-base@npm:^2.1.3":
  version: 2.1.6
  resolution: "ml-regression-base@npm:2.1.6"
  dependencies:
    is-any-array: "npm:^2.0.0"
  checksum: bc9c2ef306367624d8540f371c1537e43b7eceed97a667f4089d26c926790ae6c5de44a8e4082b151e6c08efa576c43d493add73d3693d25ef89cff3ca5d961a
  languageName: node
  linkType: hard

"ml-regression-exponential@npm:^2.0.0":
  version: 2.1.0
  resolution: "ml-regression-exponential@npm:2.1.0"
  dependencies:
    ml-regression-base: "npm:^2.1.3"
    ml-regression-simple-linear: "npm:^2.0.3"
  checksum: f6e8db3d122b4a6f16913cf275e963e487389628419c4257f60ef33a9f54ee8048ce09290fbb50e67274aa8af92e8436d119e7d9121b0495dd02e73f4cc32580
  languageName: node
  linkType: hard

"ml-regression-multivariate-linear@npm:^2.0.2":
  version: 2.0.4
  resolution: "ml-regression-multivariate-linear@npm:2.0.4"
  dependencies:
    ml-matrix: "npm:^6.10.1"
  checksum: aa9ec7e28888a601266d5ddbb98e23849d9b1791e5ba0e7743c056bfa8bb4c68ff67ae02225f0a9e8d97fc70db1303eaf84c3e1337c260d0042552ab91e5469e
  languageName: node
  linkType: hard

"ml-regression-polynomial@npm:^2.0.0":
  version: 2.2.0
  resolution: "ml-regression-polynomial@npm:2.2.0"
  dependencies:
    ml-matrix: "npm:^6.8.0"
    ml-regression-base: "npm:^2.1.3"
  checksum: 085880d165a2e5769a6ee9dd63452585c77cd6ea6880786cd52c6ddc403973c1714680885d2f09a75feb0293189418a958199f7140cd4a5389dd013e897b4b1f
  languageName: node
  linkType: hard

"ml-regression-power@npm:^2.0.0":
  version: 2.0.0
  resolution: "ml-regression-power@npm:2.0.0"
  dependencies:
    ml-regression-base: "npm:^2.0.1"
    ml-regression-simple-linear: "npm:^2.0.2"
  checksum: 1b1c7c4ac0809d147a433b24aeaac21b10816f4ad37714ea675fedc5ab2166b027e2ba27c3027eb39b44c4854811cf4a4fe313f7fab29047464c53931aade9fd
  languageName: node
  linkType: hard

"ml-regression-robust-polynomial@npm:^2.0.0":
  version: 2.0.1
  resolution: "ml-regression-robust-polynomial@npm:2.0.1"
  dependencies:
    ml-matrix: "npm:^6.8.0"
    ml-regression-base: "npm:^2.1.3"
  checksum: 3642233d60e5a7e4bcfb93d8982150aa9b6444aaca3a8f9a8073d008cfe9b88150fc8cce235e6c4620eb6de2324ab3db8197e4d7de10377b83507d9caf01ecfa
  languageName: node
  linkType: hard

"ml-regression-simple-linear@npm:^2.0.2, ml-regression-simple-linear@npm:^2.0.3":
  version: 2.0.5
  resolution: "ml-regression-simple-linear@npm:2.0.5"
  dependencies:
    ml-regression-base: "npm:^2.0.1"
  checksum: d4f5f6bb48eda8b2bea639819cd3b15d14c2fe54c1f3dcef726bc95ec8c005cc7a86e75fcd07a918b11eee643fd79a14af782fefaf50175787e9d5be28990acc
  languageName: node
  linkType: hard

"ml-regression-theil-sen@npm:^2.0.0":
  version: 2.0.0
  resolution: "ml-regression-theil-sen@npm:2.0.0"
  dependencies:
    ml-array-median: "npm:^1.1.1"
    ml-regression-base: "npm:^2.0.1"
  checksum: e5b8388f9817e6bffb303b160ad36f76dadceaf61734812fb2720feb4db276cd3314d1c42fa1e03bdc5867059a34547bfc4a9ba5b7ecfe0554fca4bc60251361
  languageName: node
  linkType: hard

"ml-regression@npm:^5.0.0":
  version: 5.0.0
  resolution: "ml-regression@npm:5.0.0"
  dependencies:
    ml-kernel: "npm:^3.0.0"
    ml-matrix: "npm:^6.1.2"
    ml-regression-base: "npm:^2.0.1"
    ml-regression-exponential: "npm:^2.0.0"
    ml-regression-multivariate-linear: "npm:^2.0.2"
    ml-regression-polynomial: "npm:^2.0.0"
    ml-regression-power: "npm:^2.0.0"
    ml-regression-robust-polynomial: "npm:^2.0.0"
    ml-regression-simple-linear: "npm:^2.0.2"
    ml-regression-theil-sen: "npm:^2.0.0"
  checksum: 17c6c28c29c167a0a9204dbb1d71102e025d43f3eaf714ae0d14d1474d767a7d4d39fbae25e278df1977c0d89f635c76661aacb92032edaea6814f7b85f20bc1
  languageName: node
  linkType: hard

"ml-stat@npm:^1.2.0":
  version: 1.3.3
  resolution: "ml-stat@npm:1.3.3"
  checksum: b52173a4e873f38c6ea3d6aab1ce4790ec16181cfc35327887466b2e40d9a955bce6116b53b8f244120577aeebd71c108e1b464fef4f99b3b2cbd2b6355e6877
  languageName: node
  linkType: hard

"monotone-chain-convex-hull@npm:^1.0.0":
  version: 1.1.0
  resolution: "monotone-chain-convex-hull@npm:1.1.0"
  checksum: 3310ff137380587fa8750980716a1bfa20a4ce51f6d7918d5c72f06dec16d0409e02480604ddbc8351703fca6114aadf9422bf8908e7e44736e7d36bee60d14c
  languageName: node
  linkType: hard

"new-array@npm:^1.0.0":
  version: 1.0.0
  resolution: "new-array@npm:1.0.0"
  checksum: da2a7d390e2cf87efbd539a9a00b6f96b0e08dd8c7e14c93c8df493b0b9c3f5cbef48a260a6943e16953ec8b25f609e9bcd394254aa60660a080c5bf4fa38b15
  languageName: node
  linkType: hard

"next-power-of-two@npm:^1.0.0":
  version: 1.0.0
  resolution: "next-power-of-two@npm:1.0.0"
  checksum: bc5d14a4b9adea5bce5486649f55890a5168e41d875108d427e55c49bbccc37925ad31c179bd34b95a2b649674142c793d17460f644469e8691e7953e89564d4
  languageName: node
  linkType: hard

"pako@npm:^2.0.4, pako@npm:^2.1.0":
  version: 2.1.0
  resolution: "pako@npm:2.1.0"
  checksum: 8e8646581410654b50eb22a5dfd71159cae98145bd5086c9a7a816ec0370b5f72b4648d08674624b3870a521e6a3daffd6c2f7bc00fdefc7063c9d8232ff5116
  languageName: node
  linkType: hard

"projet-1@workspace:.":
  version: 0.0.0-use.local
  resolution: "projet-1@workspace:."
  dependencies:
    image-js: "npm:^0.35.5"
  languageName: unknown
  linkType: soft

"regenerator-runtime@npm:^0.14.0":
  version: 0.14.1
  resolution: "regenerator-runtime@npm:0.14.1"
  checksum: 1b16eb2c4bceb1665c89de70dcb64126a22bc8eb958feef3cd68fe11ac6d2a4899b5cd1b80b0774c7c03591dc57d16631a7f69d2daa2ec98100e2f29f7ec4cc4
  languageName: node
  linkType: hard

"robust-orientation@npm:^1.0.2":
  version: 1.2.1
  resolution: "robust-orientation@npm:1.2.1"
  dependencies:
    robust-scale: "npm:^1.0.2"
    robust-subtract: "npm:^1.0.0"
    robust-sum: "npm:^1.0.0"
    two-product: "npm:^1.0.2"
  checksum: 9c6cd48185ba2b3de633271ffd1e5ef6cd94cfd3b5e66a6a29327a0223b6f67c660bcf3677d9f91aecf15e16d4db231d361c35830de245c3a440a406b7335422
  languageName: node
  linkType: hard

"robust-point-in-polygon@npm:^1.0.3":
  version: 1.0.3
  resolution: "robust-point-in-polygon@npm:1.0.3"
  dependencies:
    robust-orientation: "npm:^1.0.2"
  checksum: dd665e7f7908d12e71f4c4e7e5947faf7d4f892bd83c501d1794ebd710df3652203f586f4a3becac09c5da0419bc659bd69e5d9e577c4998ddceb260582e5b38
  languageName: node
  linkType: hard

"robust-scale@npm:^1.0.2":
  version: 1.0.2
  resolution: "robust-scale@npm:1.0.2"
  dependencies:
    two-product: "npm:^1.0.2"
    two-sum: "npm:^1.0.0"
  checksum: 18d047f3833793a96b3959633c34ca307a678e5fd68bb1d6b1fdaea5c039340b95b8cfa6a9cd64840a29ae856f927958341deb71870b5fdf4f22768f3de98988
  languageName: node
  linkType: hard

"robust-subtract@npm:^1.0.0":
  version: 1.0.0
  resolution: "robust-subtract@npm:1.0.0"
  checksum: dc96643abaa0b26b0c0468449f91c7178e835cd913ee0ad8a4f6b5025ebea832ccd0084aa86d82d2b36f2f550f68069289b5775f2ef52d5e383777c58bb28509
  languageName: node
  linkType: hard

"robust-sum@npm:^1.0.0":
  version: 1.0.0
  resolution: "robust-sum@npm:1.0.0"
  checksum: ca0273b895f275a7c404bb05ef873b99f030bcc6c26fe8232cfeec33fc7ef2c1d0192ee20d5a7d41e1cfa3b211b854db24b6222f53949301d60a5ea827c6c24a
  languageName: node
  linkType: hard

"tiff@npm:^2.0.0":
  version: 2.1.0
  resolution: "tiff@npm:2.1.0"
  dependencies:
    iobuffer: "npm:^2.1.0"
  checksum: 1f54209651aad26aac26024b02a386af34b9b7daf342159e7114b0cceec41c61161c47e88643a39d582166ed10023001d5de090e5a4ce7eee2b278a14c3de228
  languageName: node
  linkType: hard

"tiff@npm:^5.0.2":
  version: 5.0.3
  resolution: "tiff@npm:5.0.3"
  dependencies:
    iobuffer: "npm:^5.0.4"
    pako: "npm:^2.0.4"
  checksum: 3f949304cb698aa2ab2c3ac5540e229a609cb14a3df7a3afb9f35eb50d20109114026764a0405d1e23b75b7628c44b22fd067e8838332c09e008a02654ac26ec
  languageName: node
  linkType: hard

"two-product@npm:^1.0.2":
  version: 1.0.2
  resolution: "two-product@npm:1.0.2"
  checksum: da6749a7aeef789c71735acd31987b821452e81120028f85cb2d0ee0342cee077b9ed0067f1693ad99cb565a71400271ff726189f7946e1e006944db95056abf
  languageName: node
  linkType: hard

"two-sum@npm:^1.0.0":
  version: 1.0.0
  resolution: "two-sum@npm:1.0.0"
  checksum: 8c5f1f62fb029e5f5538a4efac52a81be26942cf3b050969f0f9d21a7d45fb48dc710ba130794fd639a31b5f3491fd2c7c7e7506571eb07c1aeac409f950f44a
  languageName: node
  linkType: hard

"web-worker-manager@npm:^0.2.0":
  version: 0.2.0
  resolution: "web-worker-manager@npm:0.2.0"
  checksum: 948e3e7019a1565b5ec1fd6dd21d17979a601166a88462c236c01916166195b340a5392eedd6f9ad5babb023104e4ac6d79d9d4a028c3787d4185d12ebc1deef
  languageName: node
  linkType: hard
